
Microsoft Visual Studio Solution File, Format Version 12.00
# Visual Studio Version 16
VisualStudioVersion = 16.0.29020.237
MinimumVisualStudioVersion = 10.0.40219.1
Project("{FAE04EC0-301F-11D3-BF4B-00C04F79EFBC}") = "BankLoginSystem", "BankLoginSystem\BankLoginSystem.csproj", "{544F96A2-FEB0-4AB6-917E-2A4DC31DC731}"
EndProject
Project("{FAE04EC0-301F-11D3-BF4B-00C04F79EFBC}") = "BankingSystem", "BankingSystem\BankingSystem\BankingSystem.csproj", "{CD5BA342-75E7-4E13-ACA1-DDC4B09F03BB}"
EndProject
Global
	GlobalSection(SolutionConfigurationPlatforms) = preSolution
		Debug|Any CPU = Debug|Any CPU
		Release|Any CPU = Release|Any CPU
	EndGlobalSection
	GlobalSection(ProjectConfigurationPlatforms) = postSolution
		{544F96A2-FEB0-4AB6-917E-2A4DC31DC731}.Debug|Any CPU.ActiveCfg = Debug|Any CPU
		{544F96A2-FEB0-4AB6-917E-2A4DC31DC731}.Debug|Any CPU.Build.0 = Debug|Any CPU
		{544F96A2-FEB0-4AB6-917E-2A4DC31DC731}.Release|Any CPU.ActiveCfg = Release|Any CPU
		{544F96A2-FEB0-4AB6-917E-2A4DC31DC731}.Release|Any CPU.Build.0 = Release|Any CPU
		{CD5BA342-75E7-4E13-ACA1-DDC4B09F03BB}.Debug|Any CPU.ActiveCfg = Debug|Any CPU
		{CD5BA342-75E7-4E13-ACA1-DDC4B09F03BB}.Debug|Any CPU.Build.0 = Debug|Any CPU
		{CD5BA342-75E7-4E13-ACA1-DDC4B09F03BB}.Release|Any CPU.ActiveCfg = Release|Any CPU
		{CD5BA342-75E7-4E13-ACA1-DDC4B09F03BB}.Release|Any CPU.Build.0 = Release|Any CPU
	EndGlobalSection
	GlobalSection(SolutionProperties) = preSolution
		HideSolutionNode = FALSE
	EndGlobalSection
	GlobalSection(ExtensibilityGlobals) = postSolution
		SolutionGuid = {4F890015-47DB-4B6F-918D-343405E516F9}
	EndGlobalSection
EndGlobal
